{
  "name": "eleventy-plugin-cooklang",
  "version": "0.0.3",
  "lockfileVersion": 2,
  "requires": true,
  "packages": {
    "": {
      "name": "eleventy-plugin-cooklang",
      "version": "0.0.3",
      "license": "MIT",
      "dependencies": {
        "@cooklang/cooklang-ts": "^1.0.0"
      }
    },
    "node_modules/@cooklang/cooklang-ts": {
      "version": "1.0.0",
      "resolved": "https://registry.npmjs.org/@cooklang/cooklang-ts/-/cooklang-ts-1.0.0.tgz",
      "integrity": "sha512-uO9bPJEoZmiBxrIcK8zZqgA9aOFjgaMxYoezsUX0iAX+hvAAJNT6KdMhJca34yJPDLNn32ACOk2YtNLjs7AoJg=="
    }
  },
  "dependencies": {
    "@cooklang/cooklang-ts": {
      "version": "1.0.0",
      "resolved": "https://registry.npmjs.org/@cooklang/cooklang-ts/-/cooklang-ts-1.0.0.tgz",
      "integrity": "sha512-uO9bPJEoZmiBxrIcK8zZqgA9aOFjgaMxYoezsUX0iAX+hvAAJNT6KdMhJca34yJPDLNn32ACOk2YtNLjs7AoJg=="
    }
  }
}
